
Microsoft Visual Studio Solution File, Format Version 12.00
# Visual Studio 15
VisualStudioVersion = 15.0.28307.572
MinimumVisualStudioVersion = 10.0.40219.1
Project("{FAE04EC0-301F-11D3-BF4B-00C04F79EFBC}") = "SequentialFSM", "SequentialFSM\SequentialFSM.csproj", "{EC46E4BE-2B9E-4A2A-9420-4BAA6F96A887}"
EndProject
Global
	GlobalSection(SolutionConfigurationPlatforms) = preSolution
		Debug|Any CPU = Debug|Any CPU
		Release|Any CPU = Release|Any CPU
	EndGlobalSection
	GlobalSection(ProjectConfigurationPlatforms) = postSolution
		{EC46E4BE-2B9E-4A2A-9420-4BAA6F96A887}.Debug|Any CPU.ActiveCfg = Debug|Any CPU
		{EC46E4BE-2B9E-4A2A-9420-4BAA6F96A887}.Debug|Any CPU.Build.0 = Debug|Any CPU
		{EC46E4BE-2B9E-4A2A-9420-4BAA6F96A887}.Release|Any CPU.ActiveCfg = Release|Any CPU
		{EC46E4BE-2B9E-4A2A-9420-4BAA6F96A887}.Release|Any CPU.Build.0 = Release|Any CPU
	EndGlobalSection
	GlobalSection(SolutionProperties) = preSolution
		HideSolutionNode = FALSE
	EndGlobalSection
	GlobalSection(ExtensibilityGlobals) = postSolution
		SolutionGuid = {52C7700F-4CE4-4C58-8297-B79ACD4F7958}
	EndGlobalSection
EndGlobal
